// !$*UTF8*$!
{
	archiveVersion = 1;
	classes = {
	};
	objectVersion = 46;
	objects = {

/* Begin PBXBuildFile section */
		F7483D8A1F79F22D0047037B /* main.m in Sources */ = {isa = PBXBuildFile; fileRef = F7483D891F79F22D0047037B /* main.m */; };
		F7483D8D1F79F22D0047037B /* AppDelegate.m in Sources */ = {isa = PBXBuildFile; fileRef = F7483D8C1F79F22D0047037B /* AppDelegate.m */; };
		F7483D901F79F22D0047037B /* ViewController.m in Sources */ = {isa = PBXBuildFile; fileRef = F7483D8F1F79F22D0047037B /* ViewController.m */; };
		F7483D931F79F22D0047037B /* Main.storyboard in Resources */ = {isa = PBXBuildFile; fileRef = F7483D911F79F22D0047037B /* Main.storyboard */; };
		F7483D951F79F22D0047037B /* Assets.xcassets in Resources */ = {isa = PBXBuildFile; fileRef = F7483D941F79F22D0047037B /* Assets.xcassets */; };
		F7483D981F79F22D0047037B /* LaunchScreen.storyboard in Resources */ = {isa = PBXBuildFile; fileRef = F7483D961F79F22D0047037B /* LaunchScreen.storyboard */; };
/* End PBXBuildFile section */

/* Begin PBXFileReference section */
		F7483D851F79F22D0047037B /* testDouble.app */ = {isa = PBXFileReference; explicitFileType = wrapper.application; includeInIndex = 0; path = testDouble.app; sourceTree = BUILT_PRODUCTS_DIR; };
		F7483D891F79F22D0047037B /* main.m */ = {isa = PBXFileReference; lastKnownFileType = sourcecode.c.objc; path = main.m; sourceTree = "<group>"; };
		F7483D8B1F79F22D0047037B /* AppDelegate.h */ = {isa = PBXFileReference; lastKnownFileType = sourcecode.c.h; path = AppDelegate.h; sourceTree = "<group>"; };
		F7483D8C1F79F22D0047037B /* AppDelegate.m */ = {isa = PBXFileReference; lastKnownFileType = sourcecode.c.objc; path = AppDelegate.m; sourceTree = "<group>"; };
		F7483D8E1F79F22D0047037B /* ViewController.h */ = {isa = PBXFileReference; lastKnownFileType = sourcecode.c.h; path = ViewController.h; sourceTree = "<group>"; };
		F7483D8F1F79F22D0047037B /* ViewController.m */ = {isa = PBXFileReference; lastKnownFileType = sourcecode.c.objc; path = ViewController.m; sourceTree = "<group>"; };
		F7483D921F79F22D0047037B /* Base */ = {isa = PBXFileReference; lastKnownFileType = file.storyboard; name = Base; path = Base.lproj/Main.storyboard; sourceTree = "<group>"; };
		F7483D941F79F22D0047037B /* Assets.xcassets */ = {isa = PBXFileReference; lastKnownFileType = folder.assetcatalog; path = Assets.xcassets; sourceTree = "<group>"; };
		F7483D971F79F22D0047037B /* Base */ = {isa = PBXFileReference; lastKnownFileType = file.storyboard; name = Base; path = Base.lproj/LaunchScreen.storyboard; sourceTree = "<group>"; };
		F7483D991F79F22D0047037B /* Info.plist */ = {isa = PBXFileReference; lastKnownFileType = text.plist.xml; path = Info.plist; sourceTree = "<group>"; };
/* End PBXFileReference section */

/* Begin PBXFrameworksBuildPhase section */
		F7483D821F79F22D0047037B /* Frameworks */ = {
			isa = PBXFrameworksBuildPhase;
			buildActionMask = 2147483647;
			files = (
			);
			runOnlyForDeploymentPostprocessing = 0;
		};
/* End PBXFrameworksBuildPhase section */

/* Begin PBXGroup section */
		F7483D7C1F79F22D0047037B = {
			isa = PBXGroup;
			children = (
				F7483D871F79F22D0047037B /* testDouble */,
				F7483D861F79F22D0047037B /* Products */,
			);
			sourceTree = "<group>";
		};
		F7483D861F79F22D0047037B /* Products */ = {
			isa = PBXGroup;
			children = (
				F7483D851F79F22D0047037B /* testDouble.app */,
			);
			name = Products;
			sourceTree = "<group>";
		};
		F7483D871F79F22D0047037B /* testDouble */ = {
			isa = PBXGroup;
			children = (
				F7483D8B1F79F22D0047037B /* AppDelegate.h */,
				F7483D8C1F79F22D0047037B /* AppDelegate.m */,
				F7483D8E1F79F22D0047037B /* ViewController.h */,
				F7483D8F1F79F22D0047037B /* ViewController.m */,
				F7483D911F79F22D0047037B /* Main.storyboard */,
				F7483D941F79F22D0047037B /* Assets.xcassets */,
				F7483D961F79F22D0047037B /* LaunchScreen.storyboard */,
				F7483D991F79F22D0047037B /* Info.plist */,
				F7483D881F79F22D0047037B /* Supporting Files */,
			);
			path = testDouble;
			sourceTree = "<group>";
		};
		F7483D881F79F22D0047037B /* Supporting Files */ = {
			isa = PBXGroup;
			children = (
				F7483D891F79F22D0047037B /* main.m */,
			);
			name = "Supporting Files";
			sourceTree = "<group>";
		};
/* End PBXGroup section */

/* Begin PBXNativeTarget section */
		F7483D841F79F22D0047037B /* testDouble */ = {
			isa = PBXNativeTarget;
			buildConfigurationList = F7483D9C1F79F22D0047037B /* Build configuration list for PBXNativeTarget "testDouble" */;
			buildPhases = (
				F7483D811F79F22D0047037B /* Sources */,
				F7483D821F79F22D0047037B /* Frameworks */,
				F7483D831F79F22D0047037B /* Resources */,
			);
			buildRules = (
			);
			dependencies = (
			);
			name = testDouble;
			productName = testDouble;
			productReference = F7483D851F79F22D0047037B /* testDouble.app */;
			productType = "com.apple.product-type.application";
		};
/* End PBXNativeTarget section */

/* Begin PBXProject section */
		F7483D7D1F79F22D0047037B /* Project object */ = {
			isa = PBXProject;
			attributes = {
				LastUpgradeCheck = 0830;
				ORGANIZATIONNAME = WL;
				TargetAttributes = {
					F7483D841F79F22D0047037B = {
						CreatedOnToolsVersion = 8.3.3;
						DevelopmentTeam = 57D4T2G5AY;
						ProvisioningStyle = Automatic;
					};
				};
			};
			buildConfigurationList = F7483D801F79F22D0047037B /* Build configuration list for PBXProject "testDouble" */;
			compatibilityVersion = "Xcode 3.2";
			developmentRegion = English;
			hasScannedForEncodings = 0;
			knownRegions = (
				en,
				Base,
			);
			mainGroup = F7483D7C1F79F22D0047037B;
			productRefGroup = F7483D861F79F22D0047037B /* Products */;
			projectDirPath = "";
			projectRoot = "";
			targets = (
				F7483D841F79F22D0047037B /* testDouble */,
			);
		};
/* End PBXProject section */

/* Begin PBXResourcesBuildPhase section */
		F7483D831F79F22D0047037B /* Resources */ = {
			isa = PBXResourcesBuildPhase;
			buildActionMask = 2147483647;
			files = (
				F7483D981F79F22D0047037B /* LaunchScreen.storyboard in Resources */,
				F7483D951F79F22D0047037B /* Assets.xcassets in Resources */,
				F7483D931F79F22D0047037B /* Main.storyboard in Resources */,
			);
			runOnlyForDeploymentPostprocessing = 0;
		};
/* End PBXResourcesBuildPhase section */

/* Begin PBXSourcesBuildPhase section */
		F7483D811F79F22D0047037B /* Sources */ = {
			isa = PBXSourcesBuildPhase;
			buildActionMask = 2147483647;
			files = (
				F7483D901F79F22D0047037B /* ViewController.m in Sources */,
				F7483D8D1F79F22D0047037B /* AppDelegate.m in Sources */,
				F7483D8A1F79F22D0047037B /* main.m in Sources */,
			);
			runOnlyForDeploymentPostprocessing = 0;
		};
/* End PBXSourcesBuildPhase section */

/* Begin PBXVariantGroup section */
		F7483D911F79F22D0047037B /* Main.storyboard */ = {
			isa = PBXVariantGroup;
			children = (
				F7483D921F79F22D0047037B /* Base */,
			);
			name = Main.storyboard;
			sourceTree = "<group>";
		};
		F7483D961F79F22D0047037B /* LaunchScreen.storyboard */ = {
			isa = PBXVariantGroup;
			children = (
				F7483D971F79F22D0047037B /* Base */,
			);
			name = LaunchScreen.storyboard;
			sourceTree = "<group>";
		};
/* End PBXVariantGroup section */

/* Begin XCBuildConfiguration section */
		F7483D9A1F79F22D0047037B /* Debug */ = {
			isa = XCBuildConfiguration;
			buildSettings = {
				ALWAYS_SEARCH_USER_PATHS = NO;
				CLANG_ANALYZER_NONNULL = YES;
				CLANG_ANALYZER_NUMBER_OBJECT_CONVERSION = YES_AGGRESSIVE;
				CLANG_CXX_LANGUAGE_STANDARD = "gnu++0x";
				CLANG_CXX_LIBRARY = "libc++";
				CLANG_ENABLE_MODULES = YES;
				CLANG_ENABLE_OBJC_ARC = YES;
				CLANG_WARN_BOOL_CONVERSION = YES;
				CLANG_WARN_CONSTANT_CONVERSION = YES;
				CLANG_WARN_DIRECT_OBJC_ISA_USAGE = YES_ERROR;
				CLANG_WARN_DOCUMENTATION_COMMENTS = YES;
				CLANG_WARN_EMPTY_BODY = YES;
				CLANG_WARN_ENUM_CONVERSION = YES;
				CLANG_WARN_INFINITE_RECURSION = YES;
				CLANG_WARN_INT_CONVERSION = YES;
				CLANG_WARN_OBJC_ROOT_CLASS = YES_ERROR;
				CLANG_WARN_SUSPICIOUS_MOVE = YES;
				CLANG_WARN_UNREACHABLE_CODE = YES;
				CLANG_WARN__DUPLICATE_METHOD_MATCH = YES;
				"CODE_SIGN_IDENTITY[sdk=iphoneos*]" = "iPhone Developer";
				COPY_PHASE_STRIP = NO;
				DEBUG_INFORMATION_FORMAT = dwarf;
				ENABLE_STRICT_OBJC_MSGSEND = YES;
				ENABLE_TESTABILITY = YES;
				GCC_C_LANGUAGE_STANDARD = gnu99;
				GCC_DYNAMIC_NO_PIC = NO;
				GCC_NO_COMMON_BLOCKS = YES;
				GCC_OPTIMIZATION_LEVEL = 0;
				GCC_PREPROCESSOR_DEFINITIONS = (
					"DEBUG=1",
					"$(inherited)",
				);
				GCC_WARN_64_TO_32_BIT_CONVERSION = YES;
				GCC_WARN_ABOUT_RETURN_TYPE = YES_ERROR;
				GCC_WARN_UNDECLARED_SELECTOR = YES;
				GCC_WARN_UNINITIALIZED_AUTOS = YES_AGGRESSIVE;
				GCC_WARN_UNUSED_FUNCTION = YES;
				GCC_WARN_UNUSED_VARIABLE = YES;
				IPHONEOS_DEPLOYMENT_TARGET = 10.3;
				MTL_ENABLE_DEBUG_INFO = YES;
				ONLY_ACTIVE_ARCH = YES;
				SDKROOT = iphoneos;
				TARGETED_DEVICE_FAMILY = "1,2";
			};
			name = Debug;
		};
		F7483D9B1F79F22D0047037B /* Release */ = {
			isa = XCBuildConfiguration;
			buildSettings = {
				ALWAYS_SEARCH_USER_PATHS = NO;
				CLANG_ANALYZER_NONNULL = YES;
				CLANG_ANALYZER_NUMBER_OBJECT_CONVERSION = YES_AGGRESSIVE;
				CLANG_CXX_LANGUAGE_STANDARD = "gnu++0x";
				CLANG_CXX_LIBRARY = "libc++";
				CLANG_ENABLE_MODULES = YES;
				CLANG_ENABLE_OBJC_ARC = YES;
				CLANG_WARN_BOOL_CONVERSION = YES;
				CLANG_WARN_CONSTANT_CONVERSION = YES;
				CLANG_WARN_DIRECT_OBJC_ISA_USAGE = YES_ERROR;
				CLANG_WARN_DOCUMENTATION_COMMENTS = YES;
				CLANG_WARN_EMPTY_BODY = YES;
				CLANG_WARN_ENUM_CONVERSION = YES;
				CLANG_WARN_INFINITE_RECURSION = YES;
				CLANG_WARN_INT_CONVERSION = YES;
				CLANG_WARN_OBJC_ROOT_CLASS = YES_ERROR;
				CLANG_WARN_SUSPICIOUS_MOVE = YES;
				CLANG_WARN_UNREACHABLE_CODE = YES;
				CLANG_WARN__DUPLICATE_METHOD_MATCH = YES;
				"CODE_SIGN_IDENTITY[sdk=iphoneos*]" = "iPhone Developer";
				COPY_PHASE_STRIP = NO;
				DEBUG_INFORMATION_FORMAT = "dwarf-with-dsym";
				ENABLE_NS_ASSERTIONS = NO;
				ENABLE_STRICT_OBJC_MSGSEND = YES;
				GCC_C_LANGUAGE_STANDARD = gnu99;
				GCC_NO_COMMON_BLOCKS = YES;
				GCC_WARN_64_TO_32_BIT_CONVERSION = YES;
				GCC_WARN_ABOUT_RETURN_TYPE = YES_ERROR;
				GCC_WARN_UNDECLARED_SELECTOR = YES;
				GCC_WARN_UNINITIALIZED_AUTOS = YES_AGGRESSIVE;
				GCC_WARN_UNUSED_FUNCTION = YES;
				GCC_WARN_UNUSED_VARIABLE = YES;
				IPHONEOS_DEPLOYMENT_TARGET = 10.3;
				MTL_ENABLE_DEBUG_INFO = NO;
				SDKROOT = iphoneos;
				TARGETED_DEVICE_FAMILY = "1,2";
				VALIDATE_PRODUCT = YES;
			};
			name = Release;
		};
		F7483D9D1F79F22D0047037B /* Debug */ = {
			isa = XCBuildConfiguration;
			buildSettings = {
				ASSETCATALOG_COMPILER_APPICON_NAME = AppIcon;
				DEVELOPMENT_TEAM = 57D4T2G5AY;
				INFOPLIST_FILE = testDouble/Info.plist;
				LD_RUNPATH_SEARCH_PATHS = "$(inherited) @executable_path/Frameworks";
				PRODUCT_BUNDLE_IDENTIFIER = com.cn.testDouble;
				PRODUCT_NAME = "$(TARGET_NAME)";
			};
			name = Debug;
		};
		F7483D9E1F79F22D0047037B /* Release */ = {
			isa = XCBuildConfiguration;
			buildSettings = {
				ASSETCATALOG_COMPILER_APPICON_NAME = AppIcon;
				DEVELOPMENT_TEAM = 57D4T2G5AY;
				INFOPLIST_FILE = testDouble/Info.plist;
				LD_RUNPATH_SEARCH_PATHS = "$(inherited) @executable_path/Frameworks";
				PRODUCT_BUNDLE_IDENTIFIER = com.cn.testDouble;
				PRODUCT_NAME = "$(TARGET_NAME)";
			};
			name = Release;
		};
/* End XCBuildConfiguration section */

/* Begin XCConfigurationList section */
		F7483D801F79F22D0047037B /* Build configuration list for PBXProject "testDouble" */ = {
			isa = XCConfigurationList;
			buildConfigurations = (
				F7483D9A1F79F22D0047037B /* Debug */,
				F7483D9B1F79F22D0047037B /* Release */,
			);
			defaultConfigurationIsVisible = 0;
			defaultConfigurationName = Release;
		};
		F7483D9C1F79F22D0047037B /* Build configuration list for PBXNativeTarget "testDouble" */ = {
			isa = XCConfigurationList;
			buildConfigurations = (
				F7483D9D1F79F22D0047037B /* Debug */,
				F7483D9E1F79F22D0047037B /* Release */,
			);
			defaultConfigurationIsVisible = 0;
			defaultConfigurationName = Release;
		};
/* End XCConfigurationList section */
	};
	rootObject = F7483D7D1F79F22D0047037B /* Project object */;
}
